{
  "requires": true,
  "lockfileVersion": 1,
  "dependencies": {
    "@glidejs/glide": {
      "version": "3.5.2",
      "resolved": "https://registry.npmjs.org/@glidejs/glide/-/glide-3.5.2.tgz",
      "integrity": "sha512-7jGciNJ2bQ4eZLSNlSZ+VAyW63kALf420CvkEpK4lEsUfWJq9odqimci0YCiyNyMUFB+pWHwLYyNc57dijYsCg=="
    },
    "axios": {
      "version": "0.26.1",
      "resolved": "https://registry.npmjs.org/axios/-/axios-0.26.1.tgz",
      "integrity": "sha512-fPwcX4EvnSHuInCMItEhAGnaSEXRBjtzh9fOtsE6E1G6p7vl7edEeZe11QHf18+6+9gR5PbKV/sGKNaD8YaMeA==",
      "requires": {
        "follow-redirects": "^1.14.8"
      }
    },
    "cropperjs": {
      "version": "1.5.12",
      "resolved": "https://registry.npmjs.org/cropperjs/-/cropperjs-1.5.12.tgz",
      "integrity": "sha512-re7UdjE5UnwdrovyhNzZ6gathI4Rs3KGCBSc8HCIjUo5hO42CtzyblmWLj6QWVw7huHyDMfpKxhiO2II77nhDw=="
    },
    "follow-redirects": {
      "version": "1.14.9",
      "resolved": "https://registry.npmjs.org/follow-redirects/-/follow-redirects-1.14.9.tgz",
      "integrity": "sha512-MQDfihBQYMcyy5dhRDJUHcw7lb2Pv/TuE6xP1vyraLukNDHKbDxDNaOE3NbCAdKQApno+GPRyo1YAp89yCjK4w=="
    },
    "jquery-mask-plugin": {
      "version": "1.14.16",
      "resolved": "https://registry.npmjs.org/jquery-mask-plugin/-/jquery-mask-plugin-1.14.16.tgz",
      "integrity": "sha512-reywdHlYEkPbzWjTpcc1fk9XQ3PLvO5dzEAVqy8zI7NTF22tB1HbeU3iboZTLdkBEPaWAqeI2HtEjsGQ4roZKw=="
    }
  }
}
